
Microsoft Visual Studio Solution File, Format Version 12.00
# Visual Studio Version 17
VisualStudioVersion = 17.5.33103.201
MinimumVisualStudioVersion = 10.0.40219.1
Project("{2150E333-8FDC-42A3-9474-1A3956D46DE8}") = "Clients", "Clients", "{98B6C3C1-5571-4A77-BE62-6ECBE0DD9295}"
EndProject
Project("{9A19103F-16F7-4668-BE54-9A1E7A4F7556}") = "Clients.WebApi", "Clients\Clients.WebApi\Clients.WebApi.csproj", "{CC7DCFA6-5D4F-4C62-93C6-0A984EA29E9C}"
EndProject
Project("{9A19103F-16F7-4668-BE54-9A1E7A4F7556}") = "Clients.Services", "Clients\Clients.Services\Clients.Services.csproj", "{832011FC-40BC-4091-BA05-810BF75B66C7}"
EndProject
Project("{9A19103F-16F7-4668-BE54-9A1E7A4F7556}") = "Clients.Model", "Clients\Clients.Model\Clients.Model.csproj", "{377EFB2D-DCF9-45CE-8608-120FA6E08F08}"
EndProject
Project("{9A19103F-16F7-4668-BE54-9A1E7A4F7556}") = "Clients.Database", "Clients\Clients.Database\Clients.Database.csproj", "{CBBBB110-BF32-40B2-B542-DE04F5577C72}"
EndProject
Project("{E53339B2-1760-4266-BCC7-CA923CBCF16C}") = "docker-compose", "docker-compose.dcproj", "{B59AF9D1-3DB8-4154-B76D-CAEDBC673E67}"
EndProject
Project("{2150E333-8FDC-42A3-9474-1A3956D46DE8}") = "Cars", "Cars", "{25ECFFA5-CFCE-463A-8786-9B4A212E4C53}"
EndProject
Project("{FAE04EC0-301F-11D3-BF4B-00C04F79EFBC}") = "Cars.WebApi", "Cars\Cars.WebApi\Cars.WebApi.csproj", "{19633AA6-C378-4D21-9C82-259B9DF09252}"
EndProject
Project("{FAE04EC0-301F-11D3-BF4B-00C04F79EFBC}") = "Cars.Database", "Cars\Cars.Database\Cars.Database.csproj", "{A56A0798-44F5-42E3-B82D-F596BE58E73F}"
EndProject
Project("{FAE04EC0-301F-11D3-BF4B-00C04F79EFBC}") = "Cars.Model", "Cars\Cars.Model\Cars.Model.csproj", "{551BD9D3-26F3-40D7-946E-02C5B555F42C}"
EndProject
Project("{FAE04EC0-301F-11D3-BF4B-00C04F79EFBC}") = "Cars.Services", "Cars\Cars.Services\Cars.Services.csproj", "{00559406-0A84-4A58-8370-2A1B0BCBD20D}"
EndProject
Project("{2150E333-8FDC-42A3-9474-1A3956D46DE8}") = "Rides", "Rides", "{CF15874A-1916-4E98-A93E-F2DBF4F2D1FE}"
EndProject
Project("{FAE04EC0-301F-11D3-BF4B-00C04F79EFBC}") = "Rides.Domain", "Rides\Rides.Domain\Rides.Domain.csproj", "{5190BDDB-9B4D-49EF-A7B1-C03210413F55}"
EndProject
Project("{FAE04EC0-301F-11D3-BF4B-00C04F79EFBC}") = "Rides.Persistence", "Rides\Rides.Persistence\Rides.Persistence.csproj", "{E079AAF3-B6AB-4B67-BBBA-63C1F9DC6903}"
EndProject
Project("{FAE04EC0-301F-11D3-BF4B-00C04F79EFBC}") = "Rides.WebApi", "Rides\Rides.WebApi\Rides.WebApi.csproj", "{D62AC66A-6061-4AFB-83F9-52B4A30C9490}"
EndProject
Project("{FAE04EC0-301F-11D3-BF4B-00C04F79EFBC}") = "Rides.Services", "Rides\Rides.Services\Rides.Services.csproj", "{C04AB286-F5D7-4A06-A956-9BB0564C84F2}"
EndProject
Global
	GlobalSection(SolutionConfigurationPlatforms) = preSolution
		Debug|Any CPU = Debug|Any CPU
		Release|Any CPU = Release|Any CPU
	EndGlobalSection
	GlobalSection(ProjectConfigurationPlatforms) = postSolution
		{CC7DCFA6-5D4F-4C62-93C6-0A984EA29E9C}.Debug|Any CPU.ActiveCfg = Debug|Any CPU
		{CC7DCFA6-5D4F-4C62-93C6-0A984EA29E9C}.Debug|Any CPU.Build.0 = Debug|Any CPU
		{CC7DCFA6-5D4F-4C62-93C6-0A984EA29E9C}.Release|Any CPU.ActiveCfg = Release|Any CPU
		{CC7DCFA6-5D4F-4C62-93C6-0A984EA29E9C}.Release|Any CPU.Build.0 = Release|Any CPU
		{832011FC-40BC-4091-BA05-810BF75B66C7}.Debug|Any CPU.ActiveCfg = Debug|Any CPU
		{832011FC-40BC-4091-BA05-810BF75B66C7}.Debug|Any CPU.Build.0 = Debug|Any CPU
		{832011FC-40BC-4091-BA05-810BF75B66C7}.Release|Any CPU.ActiveCfg = Release|Any CPU
		{832011FC-40BC-4091-BA05-810BF75B66C7}.Release|Any CPU.Build.0 = Release|Any CPU
		{377EFB2D-DCF9-45CE-8608-120FA6E08F08}.Debug|Any CPU.ActiveCfg = Debug|Any CPU
		{377EFB2D-DCF9-45CE-8608-120FA6E08F08}.Debug|Any CPU.Build.0 = Debug|Any CPU
		{377EFB2D-DCF9-45CE-8608-120FA6E08F08}.Release|Any CPU.ActiveCfg = Release|Any CPU
		{377EFB2D-DCF9-45CE-8608-120FA6E08F08}.Release|Any CPU.Build.0 = Release|Any CPU
		{CBBBB110-BF32-40B2-B542-DE04F5577C72}.Debug|Any CPU.ActiveCfg = Debug|Any CPU
		{CBBBB110-BF32-40B2-B542-DE04F5577C72}.Debug|Any CPU.Build.0 = Debug|Any CPU
		{CBBBB110-BF32-40B2-B542-DE04F5577C72}.Release|Any CPU.ActiveCfg = Release|Any CPU
		{CBBBB110-BF32-40B2-B542-DE04F5577C72}.Release|Any CPU.Build.0 = Release|Any CPU
		{B59AF9D1-3DB8-4154-B76D-CAEDBC673E67}.Debug|Any CPU.ActiveCfg = Debug|Any CPU
		{B59AF9D1-3DB8-4154-B76D-CAEDBC673E67}.Debug|Any CPU.Build.0 = Debug|Any CPU
		{B59AF9D1-3DB8-4154-B76D-CAEDBC673E67}.Release|Any CPU.ActiveCfg = Release|Any CPU
		{B59AF9D1-3DB8-4154-B76D-CAEDBC673E67}.Release|Any CPU.Build.0 = Release|Any CPU
		{19633AA6-C378-4D21-9C82-259B9DF09252}.Debug|Any CPU.ActiveCfg = Debug|Any CPU
		{19633AA6-C378-4D21-9C82-259B9DF09252}.Debug|Any CPU.Build.0 = Debug|Any CPU
		{19633AA6-C378-4D21-9C82-259B9DF09252}.Release|Any CPU.ActiveCfg = Release|Any CPU
		{19633AA6-C378-4D21-9C82-259B9DF09252}.Release|Any CPU.Build.0 = Release|Any CPU
		{A56A0798-44F5-42E3-B82D-F596BE58E73F}.Debug|Any CPU.ActiveCfg = Debug|Any CPU
		{A56A0798-44F5-42E3-B82D-F596BE58E73F}.Debug|Any CPU.Build.0 = Debug|Any CPU
		{A56A0798-44F5-42E3-B82D-F596BE58E73F}.Release|Any CPU.ActiveCfg = Release|Any CPU
		{A56A0798-44F5-42E3-B82D-F596BE58E73F}.Release|Any CPU.Build.0 = Release|Any CPU
		{551BD9D3-26F3-40D7-946E-02C5B555F42C}.Debug|Any CPU.ActiveCfg = Debug|Any CPU
		{551BD9D3-26F3-40D7-946E-02C5B555F42C}.Debug|Any CPU.Build.0 = Debug|Any CPU
		{551BD9D3-26F3-40D7-946E-02C5B555F42C}.Release|Any CPU.ActiveCfg = Release|Any CPU
		{551BD9D3-26F3-40D7-946E-02C5B555F42C}.Release|Any CPU.Build.0 = Release|Any CPU
		{00559406-0A84-4A58-8370-2A1B0BCBD20D}.Debug|Any CPU.ActiveCfg = Debug|Any CPU
		{00559406-0A84-4A58-8370-2A1B0BCBD20D}.Debug|Any CPU.Build.0 = Debug|Any CPU
		{00559406-0A84-4A58-8370-2A1B0BCBD20D}.Release|Any CPU.ActiveCfg = Release|Any CPU
		{00559406-0A84-4A58-8370-2A1B0BCBD20D}.Release|Any CPU.Build.0 = Release|Any CPU
		{5190BDDB-9B4D-49EF-A7B1-C03210413F55}.Debug|Any CPU.ActiveCfg = Debug|Any CPU
		{5190BDDB-9B4D-49EF-A7B1-C03210413F55}.Debug|Any CPU.Build.0 = Debug|Any CPU
		{5190BDDB-9B4D-49EF-A7B1-C03210413F55}.Release|Any CPU.ActiveCfg = Release|Any CPU
		{5190BDDB-9B4D-49EF-A7B1-C03210413F55}.Release|Any CPU.Build.0 = Release|Any CPU
		{E079AAF3-B6AB-4B67-BBBA-63C1F9DC6903}.Debug|Any CPU.ActiveCfg = Debug|Any CPU
		{E079AAF3-B6AB-4B67-BBBA-63C1F9DC6903}.Debug|Any CPU.Build.0 = Debug|Any CPU
		{E079AAF3-B6AB-4B67-BBBA-63C1F9DC6903}.Release|Any CPU.ActiveCfg = Release|Any CPU
		{E079AAF3-B6AB-4B67-BBBA-63C1F9DC6903}.Release|Any CPU.Build.0 = Release|Any CPU
		{D62AC66A-6061-4AFB-83F9-52B4A30C9490}.Debug|Any CPU.ActiveCfg = Debug|Any CPU
		{D62AC66A-6061-4AFB-83F9-52B4A30C9490}.Debug|Any CPU.Build.0 = Debug|Any CPU
		{D62AC66A-6061-4AFB-83F9-52B4A30C9490}.Release|Any CPU.ActiveCfg = Release|Any CPU
		{D62AC66A-6061-4AFB-83F9-52B4A30C9490}.Release|Any CPU.Build.0 = Release|Any CPU
		{C04AB286-F5D7-4A06-A956-9BB0564C84F2}.Debug|Any CPU.ActiveCfg = Debug|Any CPU
		{C04AB286-F5D7-4A06-A956-9BB0564C84F2}.Debug|Any CPU.Build.0 = Debug|Any CPU
		{C04AB286-F5D7-4A06-A956-9BB0564C84F2}.Release|Any CPU.ActiveCfg = Release|Any CPU
		{C04AB286-F5D7-4A06-A956-9BB0564C84F2}.Release|Any CPU.Build.0 = Release|Any CPU
	EndGlobalSection
	GlobalSection(SolutionProperties) = preSolution
		HideSolutionNode = FALSE
	EndGlobalSection
	GlobalSection(NestedProjects) = preSolution
		{CC7DCFA6-5D4F-4C62-93C6-0A984EA29E9C} = {98B6C3C1-5571-4A77-BE62-6ECBE0DD9295}
		{832011FC-40BC-4091-BA05-810BF75B66C7} = {98B6C3C1-5571-4A77-BE62-6ECBE0DD9295}
		{377EFB2D-DCF9-45CE-8608-120FA6E08F08} = {98B6C3C1-5571-4A77-BE62-6ECBE0DD9295}
		{CBBBB110-BF32-40B2-B542-DE04F5577C72} = {98B6C3C1-5571-4A77-BE62-6ECBE0DD9295}
		{19633AA6-C378-4D21-9C82-259B9DF09252} = {25ECFFA5-CFCE-463A-8786-9B4A212E4C53}
		{A56A0798-44F5-42E3-B82D-F596BE58E73F} = {25ECFFA5-CFCE-463A-8786-9B4A212E4C53}
		{551BD9D3-26F3-40D7-946E-02C5B555F42C} = {25ECFFA5-CFCE-463A-8786-9B4A212E4C53}
		{00559406-0A84-4A58-8370-2A1B0BCBD20D} = {25ECFFA5-CFCE-463A-8786-9B4A212E4C53}
		{5190BDDB-9B4D-49EF-A7B1-C03210413F55} = {CF15874A-1916-4E98-A93E-F2DBF4F2D1FE}
		{E079AAF3-B6AB-4B67-BBBA-63C1F9DC6903} = {CF15874A-1916-4E98-A93E-F2DBF4F2D1FE}
		{D62AC66A-6061-4AFB-83F9-52B4A30C9490} = {CF15874A-1916-4E98-A93E-F2DBF4F2D1FE}
		{C04AB286-F5D7-4A06-A956-9BB0564C84F2} = {CF15874A-1916-4E98-A93E-F2DBF4F2D1FE}
	EndGlobalSection
	GlobalSection(ExtensibilityGlobals) = postSolution
		SolutionGuid = {39E709BC-3FFE-4383-B7DD-AC80F260478D}
	EndGlobalSection
EndGlobal
